
Microsoft Visual Studio Solution File, Format Version 12.00
# Visual Studio Version 16
VisualStudioVersion = 16.0.30804.86
MinimumVisualStudioVersion = 10.0.40219.1
Project("{FAE04EC0-301F-11D3-BF4B-00C04F79EFBC}") = "LocalizationDefault", "LocalizationDefault\LocalizationDefault.csproj", "{EB30B286-1155-4267-92DC-88C4B1718C36}"
EndProject
Global
	GlobalSection(SolutionConfigurationPlatforms) = preSolution
		Debug|Any CPU = Debug|Any CPU
		Release|Any CPU = Release|Any CPU
	EndGlobalSection
	GlobalSection(ProjectConfigurationPlatforms) = postSolution
		{EB30B286-1155-4267-92DC-88C4B1718C36}.Debug|Any CPU.ActiveCfg = Debug|Any CPU
		{EB30B286-1155-4267-92DC-88C4B1718C36}.Debug|Any CPU.Build.0 = Debug|Any CPU
		{EB30B286-1155-4267-92DC-88C4B1718C36}.Release|Any CPU.ActiveCfg = Release|Any CPU
		{EB30B286-1155-4267-92DC-88C4B1718C36}.Release|Any CPU.Build.0 = Release|Any CPU
	EndGlobalSection
	GlobalSection(SolutionProperties) = preSolution
		HideSolutionNode = FALSE
	EndGlobalSection
	GlobalSection(ExtensibilityGlobals) = postSolution
		SolutionGuid = {C3709189-3D03-4D17-86BA-E7D61FE4AFC6}
	EndGlobalSection
EndGlobal
